{
    "_readme": [
        "This file locks the dependencies of your project to a known state",
        "Read more about it at http://getcomposer.org/doc/01-basic-usage.md#composer-lock-the-lock-file"
    ],
    "hash": "6a4338ef00310b66746b70a2dd7a4d7a",
    "packages": [
        {
            "name": "ginger/ginger",
            "version": "dev-master",
            "source": {
                "type": "git",
                "url": "https://github.com/newestindustry/ginger-rest.git",
                "reference": "9165fca0e6ee1eb6c3e3db930c60e24dbe1cd865"
            },
            "dist": {
                "type": "zip",
                "url": "https://api.github.com/repos/newestindustry/ginger-rest/zipball/9165fca0e6ee1eb6c3e3db930c60e24dbe1cd865",
                "reference": "9165fca0e6ee1eb6c3e3db930c60e24dbe1cd865",
                "shasum": ""
            },
            "require": {
                "php": ">=5.3.0",
                "vlucas/valitron": "1.1.*"
            },
            "type": "library",
            "autoload": {
                "psr-0": {
                    "Ginger": "src"
                }
            },
            "notification-url": "https://packagist.org/downloads/",
            "authors": [
                {
                    "name": "Big Ginger Nerd",
                    "email": "bgn@vanmaasakkers.net",
                    "homepage": "https://twitter.com/biggingernerd",
                    "role": "Developer"
                }
            ],
            "keywords": [
                "api",
                "ginger",
                "rest",
                "webservice"
            ],
            "time": "2013-10-15 13:48:10"
        },
        {
            "name": "vlucas/valitron",
            "version": "1.1.4",
            "source": {
                "type": "git",
                "url": "https://github.com/vlucas/valitron.git",
                "reference": "4465bfd4a126f789af25b3284618252c2cae7813"
            },
            "dist": {
                "type": "zip",
                "url": "https://api.github.com/repos/vlucas/valitron/zipball/4465bfd4a126f789af25b3284618252c2cae7813",
                "reference": "4465bfd4a126f789af25b3284618252c2cae7813",
                "shasum": ""
            },
            "require": {
                "php": ">=5.3.2"
            },
            "type": "library",
            "autoload": {
                "psr-0": {
                    "Valitron": "src/"
                }
            },
            "notification-url": "https://packagist.org/downloads/",
            "license": [
                "BSD"
            ],
            "authors": [
                {
                    "name": "Vance Lucas",
                    "email": "vance@vancelucas.com",
                    "homepage": "http://www.vancelucas.com"
                }
            ],
            "description": "Simple, elegant, stand-alone validation library with NO dependencies",
            "homepage": "http://github.com/vlucas/valitron",
            "keywords": [
                "valid",
                "validation",
                "validator"
            ],
            "time": "2013-08-30 15:34:54"
        }
    ],
    "packages-dev": [

    ],
    "aliases": [

    ],
    "minimum-stability": "stable",
    "stability-flags": {
        "ginger/ginger": 20
    },
    "platform": {
        "php": ">=5.3.0"
    },
    "platform-dev": [

    ]
}
